
Microsoft Visual Studio Solution File, Format Version 12.00
# Visual Studio Version 17
VisualStudioVersion = 17.7.34031.279
MinimumVisualStudioVersion = 10.0.40219.1
Project("{FAE04EC0-301F-11D3-BF4B-00C04F79EFBC}") = "Exercicio6", "Exercicio6\Exercicio6.csproj", "{F383FD92-2860-4663-B729-E9B59174C489}"
EndProject
Global
	GlobalSection(SolutionConfigurationPlatforms) = preSolution
		Debug|Any CPU = Debug|Any CPU
		Release|Any CPU = Release|Any CPU
	EndGlobalSection
	GlobalSection(ProjectConfigurationPlatforms) = postSolution
		{F383FD92-2860-4663-B729-E9B59174C489}.Debug|Any CPU.ActiveCfg = Debug|Any CPU
		{F383FD92-2860-4663-B729-E9B59174C489}.Debug|Any CPU.Build.0 = Debug|Any CPU
		{F383FD92-2860-4663-B729-E9B59174C489}.Release|Any CPU.ActiveCfg = Release|Any CPU
		{F383FD92-2860-4663-B729-E9B59174C489}.Release|Any CPU.Build.0 = Release|Any CPU
	EndGlobalSection
	GlobalSection(SolutionProperties) = preSolution
		HideSolutionNode = FALSE
	EndGlobalSection
	GlobalSection(ExtensibilityGlobals) = postSolution
		SolutionGuid = {DBB294C0-1B25-4847-8BA6-0EDE52E3568E}
	EndGlobalSection
EndGlobal
