
Microsoft Visual Studio Solution File, Format Version 12.00
# Visual Studio Version 17
VisualStudioVersion = 17.7.34031.279
MinimumVisualStudioVersion = 10.0.40219.1
Project("{FAE04EC0-301F-11D3-BF4B-00C04F79EFBC}") = "Exercicio13", "Exercicio13\Exercicio13.csproj", "{6126D0CD-C5CE-4759-B8DF-7F1B42F2F50F}"
EndProject
Global
	GlobalSection(SolutionConfigurationPlatforms) = preSolution
		Debug|Any CPU = Debug|Any CPU
		Release|Any CPU = Release|Any CPU
	EndGlobalSection
	GlobalSection(ProjectConfigurationPlatforms) = postSolution
		{6126D0CD-C5CE-4759-B8DF-7F1B42F2F50F}.Debug|Any CPU.ActiveCfg = Debug|Any CPU
		{6126D0CD-C5CE-4759-B8DF-7F1B42F2F50F}.Debug|Any CPU.Build.0 = Debug|Any CPU
		{6126D0CD-C5CE-4759-B8DF-7F1B42F2F50F}.Release|Any CPU.ActiveCfg = Release|Any CPU
		{6126D0CD-C5CE-4759-B8DF-7F1B42F2F50F}.Release|Any CPU.Build.0 = Release|Any CPU
	EndGlobalSection
	GlobalSection(SolutionProperties) = preSolution
		HideSolutionNode = FALSE
	EndGlobalSection
	GlobalSection(ExtensibilityGlobals) = postSolution
		SolutionGuid = {E9571589-A581-491A-B3E5-6D659A0AC32C}
	EndGlobalSection
EndGlobal
